{
    "_readme": [
        "This file locks the dependencies of your project to a known state",
        "Read more about it at http://getcomposer.org/doc/01-basic-usage.md#composer-lock-the-lock-file"
    ],
    "hash": "6391b9edce3263201daf8821d54e6e68",
    "packages": [
        {
            "name": "composer/installers",
            "version": "v1.0.13",
            "source": {
                "type": "git",
                "url": "https://github.com/composer/installers.git",
                "reference": "26d37e307f9aa6e2e81806a6525666f8ab5ba0ff"
            },
            "dist": {
                "type": "zip",
                "url": "https://api.github.com/repos/composer/installers/zipball/26d37e307f9aa6e2e81806a6525666f8ab5ba0ff",
                "reference": "26d37e307f9aa6e2e81806a6525666f8ab5ba0ff",
                "shasum": ""
            },
            "replace": {
                "shama/baton": "*"
            },
            "require-dev": {
                "composer/composer": "1.0.*@dev",
                "phpunit/phpunit": "3.7.*"
            },
            "type": "composer-installer",
            "extra": {
                "class": "Composer\\Installers\\Installer",
                "branch-alias": {
                    "dev-master": "1.0-dev"
                }
            },
            "autoload": {
                "psr-0": {
                    "Composer\\Installers\\": "src/"
                }
            },
            "notification-url": "https://packagist.org/downloads/",
            "license": [
                "MIT"
            ],
            "authors": [
                {
                    "name": "Kyle Robinson Young",
                    "email": "kyle@dontkry.com",
                    "homepage": "http://dontkry.com",
                    "role": "Developer"
                }
            ],
            "description": "A multi-framework Composer library installer",
            "homepage": "http://composer.github.com/installers/",
            "keywords": [
                "Craft",
                "Hurad",
                "MODX Evo",
                "OXID",
                "WolfCMS",
                "agl",
                "annotatecms",
                "cakephp",
                "codeigniter",
                "concrete5",
                "croogo",
                "drupal",
                "elgg",
                "fuelphp",
                "installer",
                "joomla",
                "kohana",
                "laravel",
                "lithium",
                "magento",
                "mako",
                "mediawiki",
                "modulework",
                "phpbb",
                "piwik",
                "ppi",
                "shopware",
                "silverstripe",
                "symfony",
                "typo3",
                "wordpress",
                "zend",
                "zikula"
            ],
            "time": "2014-04-09 16:12:43"
        },
        {
            "name": "eher/phpunit",
            "version": "1.6",
            "source": {
                "type": "git",
                "url": "https://github.com/EHER/phpunit-all-in-one.git",
                "reference": "fa8cfdd456363ac97a3043589737bcf985e4451a"
            },
            "dist": {
                "type": "zip",
                "url": "https://api.github.com/repos/EHER/phpunit-all-in-one/zipball/fa8cfdd456363ac97a3043589737bcf985e4451a",
                "reference": "fa8cfdd456363ac97a3043589737bcf985e4451a",
                "shasum": ""
            },
            "require": {
                "php": ">=5.3.0",
                "symfony/finder": "*"
            },
            "bin": [
                "bin/dbunit",
                "bin/phpcov",
                "bin/phpcpd",
                "bin/phpdcd",
                "bin/phploc",
                "bin/phpunit",
                "bin/phpunit-skelgen"
            ],
            "type": "library",
            "notification-url": "https://packagist.org/downloads/",
            "description": "Unofficial version of PHPUnit to be handled with Composer.",
            "time": "2012-05-24 01:46:24"
        },
        {
            "name": "opauth/opauth",
            "version": "0.4.4",
            "source": {
                "type": "git",
                "url": "https://github.com/opauth/opauth.git",
                "reference": "436fb98c2374c9e8ae4d8adddf83214bee4d9c72"
            },
            "dist": {
                "type": "zip",
                "url": "https://api.github.com/repos/opauth/opauth/zipball/436fb98c2374c9e8ae4d8adddf83214bee4d9c72",
                "reference": "436fb98c2374c9e8ae4d8adddf83214bee4d9c72",
                "shasum": ""
            },
            "require": {
                "php": ">=5.2.0"
            },
            "suggest": {
                "opauth/facebook": "Allows Facebook authentication",
                "opauth/google": "Allows Google authentication",
                "opauth/twitter": "Allows Twitter authentication"
            },
            "type": "library",
            "autoload": {
                "classmap": [
                    "lib/Opauth/"
                ]
            },
            "notification-url": "https://packagist.org/downloads/",
            "license": [
                "MIT"
            ],
            "authors": [
                {
                    "name": "U-Zyn Chua",
                    "email": "chua@uzyn.com",
                    "homepage": "http://uzyn.com"
                }
            ],
            "description": "Multi-provider authentication framework for PHP",
            "homepage": "http://opauth.org",
            "keywords": [
                "Authentication",
                "OpenId",
                "auth",
                "facebook",
                "google",
                "oauth",
                "omniauth",
                "twitter"
            ],
            "time": "2013-05-10 09:01:52"
        },
        {
            "name": "symfony/finder",
            "version": "v2.4.1",
            "target-dir": "Symfony/Component/Finder",
            "source": {
                "type": "git",
                "url": "https://github.com/symfony/Finder.git",
                "reference": "6904345cf2b3bbab1f6d6e4ce1724cb99df9f00a"
            },
            "dist": {
                "type": "zip",
                "url": "https://api.github.com/repos/symfony/Finder/zipball/6904345cf2b3bbab1f6d6e4ce1724cb99df9f00a",
                "reference": "6904345cf2b3bbab1f6d6e4ce1724cb99df9f00a",
                "shasum": ""
            },
            "require": {
                "php": ">=5.3.3"
            },
            "type": "library",
            "extra": {
                "branch-alias": {
                    "dev-master": "2.4-dev"
                }
            },
            "autoload": {
                "psr-0": {
                    "Symfony\\Component\\Finder\\": ""
                }
            },
            "notification-url": "https://packagist.org/downloads/",
            "license": [
                "MIT"
            ],
            "authors": [
                {
                    "name": "Fabien Potencier",
                    "email": "fabien@symfony.com"
                },
                {
                    "name": "Symfony Community",
                    "homepage": "http://symfony.com/contributors"
                }
            ],
            "description": "Symfony Finder Component",
            "homepage": "http://symfony.com",
            "time": "2014-01-01 08:14:50"
        },
        {
            "name": "uzyn/cakephp-opauth",
            "version": "1.0.7",
            "source": {
                "type": "git",
                "url": "https://github.com/uzyn/cakephp-opauth.git",
                "reference": "108e02622f78c38c5f3c46654cd6761a30ead97e"
            },
            "dist": {
                "type": "zip",
                "url": "https://api.github.com/repos/uzyn/cakephp-opauth/zipball/108e02622f78c38c5f3c46654cd6761a30ead97e",
                "reference": "108e02622f78c38c5f3c46654cd6761a30ead97e",
                "shasum": ""
            },
            "require": {
                "composer/installers": "1.*",
                "opauth/opauth": ">=0.2.0",
                "php": ">=5.2.0"
            },
            "type": "cakephp-plugin",
            "extra": {
                "installer-name": "Opauth"
            },
            "notification-url": "https://packagist.org/downloads/",
            "license": [
                "MIT"
            ],
            "authors": [
                {
                    "name": "U-Zyn Chua",
                    "email": "chua@uzyn.com",
                    "homepage": "http://uzyn.com"
                }
            ],
            "description": "Opauth plugin for CakePHP v2.x, allowing simple plug-n-play 3rd-party authentication with CakePHP",
            "homepage": "http://opauth.org",
            "keywords": [
                "Authentication",
                "OPAuth",
                "auth",
                "cakephp",
                "oauth"
            ],
            "time": "2013-06-27 09:33:59"
        }
    ],
    "packages-dev": [

    ],
    "aliases": [

    ],
    "minimum-stability": "stable",
    "stability-flags": [

    ],
    "platform": [

    ],
    "platform-dev": [

    ]
}
